
Microsoft Visual Studio Solution File, Format Version 12.00
# Visual Studio Version 16
VisualStudioVersion = 16.0.30011.22
MinimumVisualStudioVersion = 10.0.40219.1
Project("{2150E333-8FDC-42A3-9474-1A3956D46DE8}") = "Demo", "Demo", "{39945A60-E838-446E-8223-A37856BDF02B}"
EndProject
Project("{9A19103F-16F7-4668-BE54-9A1E7A4F7556}") = "FlickrDataAlbumsCreatorDemo", "FlickrDataAlbumsCreatorDemo\FlickrDataAlbumsCreatorDemo.csproj", "{752A78C2-6241-43D6-A60C-77C6EA2DD480}"
EndProject
Project("{9A19103F-16F7-4668-BE54-9A1E7A4F7556}") = "FlickrDataAlbumsCreator", "FlickrDataAlbumsCreator\FlickrDataAlbumsCreator.csproj", "{D85DC8BE-B05D-4836-9B4B-581D0947AA46}"
EndProject
Global
	GlobalSection(SolutionConfigurationPlatforms) = preSolution
		Debug|Any CPU = Debug|Any CPU
		Release|Any CPU = Release|Any CPU
	EndGlobalSection
	GlobalSection(ProjectConfigurationPlatforms) = postSolution
		{752A78C2-6241-43D6-A60C-77C6EA2DD480}.Debug|Any CPU.ActiveCfg = Debug|Any CPU
		{752A78C2-6241-43D6-A60C-77C6EA2DD480}.Debug|Any CPU.Build.0 = Debug|Any CPU
		{752A78C2-6241-43D6-A60C-77C6EA2DD480}.Release|Any CPU.ActiveCfg = Release|Any CPU
		{752A78C2-6241-43D6-A60C-77C6EA2DD480}.Release|Any CPU.Build.0 = Release|Any CPU
		{D85DC8BE-B05D-4836-9B4B-581D0947AA46}.Debug|Any CPU.ActiveCfg = Debug|Any CPU
		{D85DC8BE-B05D-4836-9B4B-581D0947AA46}.Debug|Any CPU.Build.0 = Debug|Any CPU
		{D85DC8BE-B05D-4836-9B4B-581D0947AA46}.Release|Any CPU.ActiveCfg = Release|Any CPU
		{D85DC8BE-B05D-4836-9B4B-581D0947AA46}.Release|Any CPU.Build.0 = Release|Any CPU
	EndGlobalSection
	GlobalSection(SolutionProperties) = preSolution
		HideSolutionNode = FALSE
	EndGlobalSection
	GlobalSection(NestedProjects) = preSolution
		{752A78C2-6241-43D6-A60C-77C6EA2DD480} = {39945A60-E838-446E-8223-A37856BDF02B}
	EndGlobalSection
	GlobalSection(ExtensibilityGlobals) = postSolution
		SolutionGuid = {A2DB45BA-E67B-4782-8A3B-6ECD1893ED1D}
	EndGlobalSection
EndGlobal
